// !$*UTF8*$!
{
	archiveVersion = 1;
	classes = {
	};
	objectVersion = 46;
	objects = {

/* Begin PBXBuildFile section */
		F42305FE1E24CB3600399E6E /* AppDelegate.swift in Sources */ = {isa = PBXBuildFile; fileRef = F42305FD1E24CB3600399E6E /* AppDelegate.swift */; };
		F42306001E24CB3600399E6E /* ViewController.swift in Sources */ = {isa = PBXBuildFile; fileRef = F42305FF1E24CB3600399E6E /* ViewController.swift */; };
		F42306031E24CB3700399E6E /* Main.storyboard in Resources */ = {isa = PBXBuildFile; fileRef = F42306011E24CB3700399E6E /* Main.storyboard */; };
		F42306051E24CB3700399E6E /* Assets.xcassets in Resources */ = {isa = PBXBuildFile; fileRef = F42306041E24CB3700399E6E /* Assets.xcassets */; };
		F42306081E24CB3700399E6E /* LaunchScreen.storyboard in Resources */ = {isa = PBXBuildFile; fileRef = F42306061E24CB3700399E6E /* LaunchScreen.storyboard */; };
		F42306111E24CC3200399E6E /* SwiftyJSON.framework in Frameworks */ = {isa = PBXBuildFile; fileRef = F42306101E24CC3200399E6E /* SwiftyJSON.framework */; };
		F42306141E24D18E00399E6E /* SVProgressHUD.framework in Frameworks */ = {isa = PBXBuildFile; fileRef = F42306131E24D18E00399E6E /* SVProgressHUD.framework */; };
/* End PBXBuildFile section */

/* Begin PBXFileReference section */
		F42305FA1E24CB3600399E6E /* CarthageDemo.app */ = {isa = PBXFileReference; explicitFileType = wrapper.application; includeInIndex = 0; path = CarthageDemo.app; sourceTree = BUILT_PRODUCTS_DIR; };
		F42305FD1E24CB3600399E6E /* AppDelegate.swift */ = {isa = PBXFileReference; lastKnownFileType = sourcecode.swift; path = AppDelegate.swift; sourceTree = "<group>"; };
		F42305FF1E24CB3600399E6E /* ViewController.swift */ = {isa = PBXFileReference; lastKnownFileType = sourcecode.swift; path = ViewController.swift; sourceTree = "<group>"; };
		F42306021E24CB3700399E6E /* Base */ = {isa = PBXFileReference; lastKnownFileType = file.storyboard; name = Base; path = Base.lproj/Main.storyboard; sourceTree = "<group>"; };
		F42306041E24CB3700399E6E /* Assets.xcassets */ = {isa = PBXFileReference; lastKnownFileType = folder.assetcatalog; path = Assets.xcassets; sourceTree = "<group>"; };
		F42306071E24CB3700399E6E /* Base */ = {isa = PBXFileReference; lastKnownFileType = file.storyboard; name = Base; path = Base.lproj/LaunchScreen.storyboard; sourceTree = "<group>"; };
		F42306091E24CB3700399E6E /* Info.plist */ = {isa = PBXFileReference; lastKnownFileType = text.plist.xml; path = Info.plist; sourceTree = "<group>"; };
		F42306101E24CC3200399E6E /* SwiftyJSON.framework */ = {isa = PBXFileReference; lastKnownFileType = wrapper.framework; name = SwiftyJSON.framework; path = Carthage/Build/iOS/SwiftyJSON.framework; sourceTree = "<group>"; };
		F42306131E24D18E00399E6E /* SVProgressHUD.framework */ = {isa = PBXFileReference; lastKnownFileType = wrapper.framework; name = SVProgressHUD.framework; path = Carthage/Build/iOS/SVProgressHUD.framework; sourceTree = "<group>"; };
/* End PBXFileReference section */

/* Begin PBXFrameworksBuildPhase section */
		F42305F71E24CB3600399E6E /* Frameworks */ = {
			isa = PBXFrameworksBuildPhase;
			buildActionMask = 2147483647;
			files = (
				F42306141E24D18E00399E6E /* SVProgressHUD.framework in Frameworks */,
				F42306111E24CC3200399E6E /* SwiftyJSON.framework in Frameworks */,
			);
			runOnlyForDeploymentPostprocessing = 0;
		};
/* End PBXFrameworksBuildPhase section */

/* Begin PBXGroup section */
		F42305F11E24CB3600399E6E = {
			isa = PBXGroup;
			children = (
				F42305FC1E24CB3600399E6E /* CarthageDemo */,
				F42305FB1E24CB3600399E6E /* Products */,
				F423060F1E24CC3200399E6E /* Frameworks */,
			);
			sourceTree = "<group>";
		};
		F42305FB1E24CB3600399E6E /* Products */ = {
			isa = PBXGroup;
			children = (
				F42305FA1E24CB3600399E6E /* CarthageDemo.app */,
			);
			name = Products;
			sourceTree = "<group>";
		};
		F42305FC1E24CB3600399E6E /* CarthageDemo */ = {
			isa = PBXGroup;
			children = (
				F42305FD1E24CB3600399E6E /* AppDelegate.swift */,
				F42305FF1E24CB3600399E6E /* ViewController.swift */,
				F42306011E24CB3700399E6E /* Main.storyboard */,
				F42306041E24CB3700399E6E /* Assets.xcassets */,
				F42306061E24CB3700399E6E /* LaunchScreen.storyboard */,
				F42306091E24CB3700399E6E /* Info.plist */,
			);
			path = CarthageDemo;
			sourceTree = "<group>";
		};
		F423060F1E24CC3200399E6E /* Frameworks */ = {
			isa = PBXGroup;
			children = (
				F42306131E24D18E00399E6E /* SVProgressHUD.framework */,
				F42306101E24CC3200399E6E /* SwiftyJSON.framework */,
			);
			name = Frameworks;
			sourceTree = "<group>";
		};
/* End PBXGroup section */

/* Begin PBXNativeTarget section */
		F42305F91E24CB3600399E6E /* CarthageDemo */ = {
			isa = PBXNativeTarget;
			buildConfigurationList = F423060C1E24CB3700399E6E /* Build configuration list for PBXNativeTarget "CarthageDemo" */;
			buildPhases = (
				F42305F61E24CB3600399E6E /* Sources */,
				F42305F71E24CB3600399E6E /* Frameworks */,
				F42305F81E24CB3600399E6E /* Resources */,
				F42306121E24CC4300399E6E /* ShellScript */,
			);
			buildRules = (
			);
			dependencies = (
			);
			name = CarthageDemo;
			productName = CarthageDemo;
			productReference = F42305FA1E24CB3600399E6E /* CarthageDemo.app */;
			productType = "com.apple.product-type.application";
		};
/* End PBXNativeTarget section */

/* Begin PBXProject section */
		F42305F21E24CB3600399E6E /* Project object */ = {
			isa = PBXProject;
			attributes = {
				LastSwiftUpdateCheck = 0820;
				LastUpgradeCheck = 0820;
				ORGANIZATIONNAME = obizsoft;
				TargetAttributes = {
					F42305F91E24CB3600399E6E = {
						CreatedOnToolsVersion = 8.2;
						DevelopmentTeam = RN284G4A9W;
						ProvisioningStyle = Automatic;
					};
				};
			};
			buildConfigurationList = F42305F51E24CB3600399E6E /* Build configuration list for PBXProject "CarthageDemo" */;
			compatibilityVersion = "Xcode 3.2";
			developmentRegion = English;
			hasScannedForEncodings = 0;
			knownRegions = (
				en,
				Base,
			);
			mainGroup = F42305F11E24CB3600399E6E;
			productRefGroup = F42305FB1E24CB3600399E6E /* Products */;
			projectDirPath = "";
			projectRoot = "";
			targets = (
				F42305F91E24CB3600399E6E /* CarthageDemo */,
			);
		};
/* End PBXProject section */

/* Begin PBXResourcesBuildPhase section */
		F42305F81E24CB3600399E6E /* Resources */ = {
			isa = PBXResourcesBuildPhase;
			buildActionMask = 2147483647;
			files = (
				F42306081E24CB3700399E6E /* LaunchScreen.storyboard in Resources */,
				F42306051E24CB3700399E6E /* Assets.xcassets in Resources */,
				F42306031E24CB3700399E6E /* Main.storyboard in Resources */,
			);
			runOnlyForDeploymentPostprocessing = 0;
		};
/* End PBXResourcesBuildPhase section */

/* Begin PBXShellScriptBuildPhase section */
		F42306121E24CC4300399E6E /* ShellScript */ = {
			isa = PBXShellScriptBuildPhase;
			buildActionMask = 2147483647;
			files = (
			);
			inputPaths = (
				"$(SRCROOT)/Carthage/Build/iOS/SwiftyJSON.framework",
				"$(SRCROOT)/Carthage/Build/iOS/SVProgressHUD.framework",
			);
			outputPaths = (
			);
			runOnlyForDeploymentPostprocessing = 0;
			shellPath = /bin/sh;
			shellScript = "/usr/local/bin/carthage copy-frameworks";
		};
/* End PBXShellScriptBuildPhase section */

/* Begin PBXSourcesBuildPhase section */
		F42305F61E24CB3600399E6E /* Sources */ = {
			isa = PBXSourcesBuildPhase;
			buildActionMask = 2147483647;
			files = (
				F42306001E24CB3600399E6E /* ViewController.swift in Sources */,
				F42305FE1E24CB3600399E6E /* AppDelegate.swift in Sources */,
			);
			runOnlyForDeploymentPostprocessing = 0;
		};
/* End PBXSourcesBuildPhase section */

/* Begin PBXVariantGroup section */
		F42306011E24CB3700399E6E /* Main.storyboard */ = {
			isa = PBXVariantGroup;
			children = (
				F42306021E24CB3700399E6E /* Base */,
			);
			name = Main.storyboard;
			sourceTree = "<group>";
		};
		F42306061E24CB3700399E6E /* LaunchScreen.storyboard */ = {
			isa = PBXVariantGroup;
			children = (
				F42306071E24CB3700399E6E /* Base */,
			);
			name = LaunchScreen.storyboard;
			sourceTree = "<group>";
		};
/* End PBXVariantGroup section */

/* Begin XCBuildConfiguration section */
		F423060A1E24CB3700399E6E /* Debug */ = {
			isa = XCBuildConfiguration;
			buildSettings = {
				ALWAYS_SEARCH_USER_PATHS = NO;
				CLANG_ANALYZER_NONNULL = YES;
				CLANG_CXX_LANGUAGE_STANDARD = "gnu++0x";
				CLANG_CXX_LIBRARY = "libc++";
				CLANG_ENABLE_MODULES = YES;
				CLANG_ENABLE_OBJC_ARC = YES;
				CLANG_WARN_BOOL_CONVERSION = YES;
				CLANG_WARN_CONSTANT_CONVERSION = YES;
				CLANG_WARN_DIRECT_OBJC_ISA_USAGE = YES_ERROR;
				CLANG_WARN_DOCUMENTATION_COMMENTS = YES;
				CLANG_WARN_EMPTY_BODY = YES;
				CLANG_WARN_ENUM_CONVERSION = YES;
				CLANG_WARN_INFINITE_RECURSION = YES;
				CLANG_WARN_INT_CONVERSION = YES;
				CLANG_WARN_OBJC_ROOT_CLASS = YES_ERROR;
				CLANG_WARN_SUSPICIOUS_MOVE = YES;
				CLANG_WARN_UNREACHABLE_CODE = YES;
				CLANG_WARN__DUPLICATE_METHOD_MATCH = YES;
				"CODE_SIGN_IDENTITY[sdk=iphoneos*]" = "iPhone Developer";
				COPY_PHASE_STRIP = NO;
				DEBUG_INFORMATION_FORMAT = dwarf;
				ENABLE_STRICT_OBJC_MSGSEND = YES;
				ENABLE_TESTABILITY = YES;
				GCC_C_LANGUAGE_STANDARD = gnu99;
				GCC_DYNAMIC_NO_PIC = NO;
				GCC_NO_COMMON_BLOCKS = YES;
				GCC_OPTIMIZATION_LEVEL = 0;
				GCC_PREPROCESSOR_DEFINITIONS = (
					"DEBUG=1",
					"$(inherited)",
				);
				GCC_WARN_64_TO_32_BIT_CONVERSION = YES;
				GCC_WARN_ABOUT_RETURN_TYPE = YES_ERROR;
				GCC_WARN_UNDECLARED_SELECTOR = YES;
				GCC_WARN_UNINITIALIZED_AUTOS = YES_AGGRESSIVE;
				GCC_WARN_UNUSED_FUNCTION = YES;
				GCC_WARN_UNUSED_VARIABLE = YES;
				IPHONEOS_DEPLOYMENT_TARGET = 10.2;
				MTL_ENABLE_DEBUG_INFO = YES;
				ONLY_ACTIVE_ARCH = YES;
				SDKROOT = iphoneos;
				SWIFT_ACTIVE_COMPILATION_CONDITIONS = DEBUG;
				SWIFT_OPTIMIZATION_LEVEL = "-Onone";
			};
			name = Debug;
		};
		F423060B1E24CB3700399E6E /* Release */ = {
			isa = XCBuildConfiguration;
			buildSettings = {
				ALWAYS_SEARCH_USER_PATHS = NO;
				CLANG_ANALYZER_NONNULL = YES;
				CLANG_CXX_LANGUAGE_STANDARD = "gnu++0x";
				CLANG_CXX_LIBRARY = "libc++";
				CLANG_ENABLE_MODULES = YES;
				CLANG_ENABLE_OBJC_ARC = YES;
				CLANG_WARN_BOOL_CONVERSION = YES;
				CLANG_WARN_CONSTANT_CONVERSION = YES;
				CLANG_WARN_DIRECT_OBJC_ISA_USAGE = YES_ERROR;
				CLANG_WARN_DOCUMENTATION_COMMENTS = YES;
				CLANG_WARN_EMPTY_BODY = YES;
				CLANG_WARN_ENUM_CONVERSION = YES;
				CLANG_WARN_INFINITE_RECURSION = YES;
				CLANG_WARN_INT_CONVERSION = YES;
				CLANG_WARN_OBJC_ROOT_CLASS = YES_ERROR;
				CLANG_WARN_SUSPICIOUS_MOVE = YES;
				CLANG_WARN_UNREACHABLE_CODE = YES;
				CLANG_WARN__DUPLICATE_METHOD_MATCH = YES;
				"CODE_SIGN_IDENTITY[sdk=iphoneos*]" = "iPhone Developer";
				COPY_PHASE_STRIP = NO;
				DEBUG_INFORMATION_FORMAT = "dwarf-with-dsym";
				ENABLE_NS_ASSERTIONS = NO;
				ENABLE_STRICT_OBJC_MSGSEND = YES;
				GCC_C_LANGUAGE_STANDARD = gnu99;
				GCC_NO_COMMON_BLOCKS = YES;
				GCC_WARN_64_TO_32_BIT_CONVERSION = YES;
				GCC_WARN_ABOUT_RETURN_TYPE = YES_ERROR;
				GCC_WARN_UNDECLARED_SELECTOR = YES;
				GCC_WARN_UNINITIALIZED_AUTOS = YES_AGGRESSIVE;
				GCC_WARN_UNUSED_FUNCTION = YES;
				GCC_WARN_UNUSED_VARIABLE = YES;
				IPHONEOS_DEPLOYMENT_TARGET = 10.2;
				MTL_ENABLE_DEBUG_INFO = NO;
				SDKROOT = iphoneos;
				SWIFT_OPTIMIZATION_LEVEL = "-Owholemodule";
				VALIDATE_PRODUCT = YES;
			};
			name = Release;
		};
		F423060D1E24CB3700399E6E /* Debug */ = {
			isa = XCBuildConfiguration;
			buildSettings = {
				ASSETCATALOG_COMPILER_APPICON_NAME = AppIcon;
				DEVELOPMENT_TEAM = RN284G4A9W;
				FRAMEWORK_SEARCH_PATHS = (
					"$(inherited)",
					"$(PROJECT_DIR)/Carthage/Build/iOS",
				);
				INFOPLIST_FILE = CarthageDemo/Info.plist;
				IPHONEOS_DEPLOYMENT_TARGET = 10.0;
				LD_RUNPATH_SEARCH_PATHS = "$(inherited) @executable_path/Frameworks";
				PRODUCT_BUNDLE_IDENTIFIER = com.obizsoft.CarthageDemo;
				PRODUCT_NAME = "$(TARGET_NAME)";
				SWIFT_VERSION = 3.0;
			};
			name = Debug;
		};
		F423060E1E24CB3700399E6E /* Release */ = {
			isa = XCBuildConfiguration;
			buildSettings = {
				ASSETCATALOG_COMPILER_APPICON_NAME = AppIcon;
				DEVELOPMENT_TEAM = RN284G4A9W;
				FRAMEWORK_SEARCH_PATHS = (
					"$(inherited)",
					"$(PROJECT_DIR)/Carthage/Build/iOS",
				);
				INFOPLIST_FILE = CarthageDemo/Info.plist;
				IPHONEOS_DEPLOYMENT_TARGET = 10.0;
				LD_RUNPATH_SEARCH_PATHS = "$(inherited) @executable_path/Frameworks";
				PRODUCT_BUNDLE_IDENTIFIER = com.obizsoft.CarthageDemo;
				PRODUCT_NAME = "$(TARGET_NAME)";
				SWIFT_VERSION = 3.0;
			};
			name = Release;
		};
/* End XCBuildConfiguration section */

/* Begin XCConfigurationList section */
		F42305F51E24CB3600399E6E /* Build configuration list for PBXProject "CarthageDemo" */ = {
			isa = XCConfigurationList;
			buildConfigurations = (
				F423060A1E24CB3700399E6E /* Debug */,
				F423060B1E24CB3700399E6E /* Release */,
			);
			defaultConfigurationIsVisible = 0;
			defaultConfigurationName = Release;
		};
		F423060C1E24CB3700399E6E /* Build configuration list for PBXNativeTarget "CarthageDemo" */ = {
			isa = XCConfigurationList;
			buildConfigurations = (
				F423060D1E24CB3700399E6E /* Debug */,
				F423060E1E24CB3700399E6E /* Release */,
			);
			defaultConfigurationIsVisible = 0;
			defaultConfigurationName = Release;
		};
/* End XCConfigurationList section */
	};
	rootObject = F42305F21E24CB3600399E6E /* Project object */;
}
